PODS:
  - CocoaAsyncSocket (7.6.2)
  - sReto (3.0.0):
    - sReto/WlanModule (= 3.0.0)
  - sReto/Bonjour (3.0.0):
    - CocoaAsyncSocket (= 7.6.2)
    - sReto/Core
  - sReto/Core (3.0.0)
  - sReto/WlanModule (3.0.0):
    - sReto/Bonjour

DEPENDENCIES:
  - sReto

SPEC REPOS:
  https://github.com/cocoapods/specs.git:
    - CocoaAsyncSocket
    - sReto

SPEC CHECKSUMS:
  CocoaAsyncSocket: 3541e024f48c54b251638ef72d51dd42808de932
  sReto: 34d5292fdeab50cfc7d4e64c79f025501b57f970

PODFILE CHECKSUM: 2834753addcd82035217c803ff841a39384ca214

COCOAPODS: 1.5.3
